
Microsoft Visual Studio Solution File, Format Version 12.00
# Visual Studio Version 17
VisualStudioVersion = 17.8.34004.107
MinimumVisualStudioVersion = 10.0.40219.1
Project("{FAE04EC0-301F-11D3-BF4B-00C04F79EFBC}") = "CommonLibraries", "CommonLibraries\CommonLibraries.csproj", "{C483BFD3-7167-4740-837C-3B4DDFF21EBE}"
EndProject
Global
	GlobalSection(SolutionConfigurationPlatforms) = preSolution
		Debug|Any CPU = Debug|Any CPU
		Release|Any CPU = Release|Any CPU
	EndGlobalSection
	GlobalSection(ProjectConfigurationPlatforms) = postSolution
		{C483BFD3-7167-4740-837C-3B4DDFF21EBE}.Debug|Any CPU.ActiveCfg = Debug|Any CPU
		{C483BFD3-7167-4740-837C-3B4DDFF21EBE}.Debug|Any CPU.Build.0 = Debug|Any CPU
		{C483BFD3-7167-4740-837C-3B4DDFF21EBE}.Release|Any CPU.ActiveCfg = Release|Any CPU
		{C483BFD3-7167-4740-837C-3B4DDFF21EBE}.Release|Any CPU.Build.0 = Release|Any CPU
	EndGlobalSection
	GlobalSection(SolutionProperties) = preSolution
		HideSolutionNode = FALSE
	EndGlobalSection
	GlobalSection(ExtensibilityGlobals) = postSolution
		SolutionGuid = {EA88A423-9A6D-44B1-B744-EDD47A4BDDE9}
	EndGlobalSection
EndGlobal
